
Microsoft Visual Studio Solution File, Format Version 12.00
# Visual Studio Version 17
VisualStudioVersion = 17.8.34511.84
MinimumVisualStudioVersion = 10.0.40219.1
Project("{9A19103F-16F7-4668-BE54-9A1E7A4F7556}") = "ASP.Web", "src\ASP.Web\ASP.Web.csproj", "{C6E6A18D-85B5-4911-A8A5-4BD98FA9D202}"
EndProject
Project("{2150E333-8FDC-42A3-9474-1A3956D46DE8}") = "src", "src", "{5D420B01-4CD0-4812-9F34-FC80F521DF5B}"
EndProject
Project("{2150E333-8FDC-42A3-9474-1A3956D46DE8}") = "test", "test", "{446A54E3-2424-4278-8AF5-F0DD985D6C52}"
	ProjectSection(SolutionItems) = preProject
		test\Exclude Javascript tests.playlist = test\Exclude Javascript tests.playlist
	EndProjectSection
EndProject
Project("{9A19103F-16F7-4668-BE54-9A1E7A4F7556}") = "ASP.Application", "src\ASP.Application\ASP.Application.csproj", "{D1709BDE-D411-484C-9A03-631CCD575425}"
EndProject
Project("{9A19103F-16F7-4668-BE54-9A1E7A4F7556}") = "ASP.Api", "src\ASP.Api\ASP.Api.csproj", "{671978FC-2579-484F-B2D0-9A18C5C51FD0}"
EndProject
Project("{9A19103F-16F7-4668-BE54-9A1E7A4F7556}") = "ASP.Core", "src\ASP.Core\ASP.Core.csproj", "{E88375FB-49C7-4E98-833C-C1A28AB4AB44}"
EndProject
Project("{9A19103F-16F7-4668-BE54-9A1E7A4F7556}") = "ASP.Web.FunctionalTests", "test\ASP.Web.FunctionalTests\ASP.Web.FunctionalTests.csproj", "{0FA88EE6-4197-45A2-98EE-0F4EF77948F8}"
EndProject
Project("{9A19103F-16F7-4668-BE54-9A1E7A4F7556}") = "ASP.Infrastructure", "src\ASP.Infrastructure\ASP.Infrastructure.csproj", "{1222DE8D-8A75-45A4-90B0-AA85D4497ECE}"
EndProject
Project("{9A19103F-16F7-4668-BE54-9A1E7A4F7556}") = "ASP.Web.UnitTests", "test\ASP.Web.UnitTests\ASP.Web.UnitTests.csproj", "{E74DFA5F-5FED-49A2-9337-CD97163CA4FE}"
EndProject
Project("{9A19103F-16F7-4668-BE54-9A1E7A4F7556}") = "ASP.Test.Core", "test\ASP.Test.Core\ASP.Test.Core.csproj", "{9C913310-B8AA-41CA-8C3A-D0B9EAC16F38}"
EndProject
Project("{9A19103F-16F7-4668-BE54-9A1E7A4F7556}") = "ASP.Api.FunctionalTests", "test\ASP.Api.FunctionalTests\ASP.Api.FunctionalTests.csproj", "{8CB3E6F6-8861-45AE-ACEE-1D09B65742F5}"
EndProject
Project("{9A19103F-16F7-4668-BE54-9A1E7A4F7556}") = "ASP.Test.SpecFlow", "test\ASP.Test.SpecFlow\ASP.Test.SpecFlow.csproj", "{220F3AF8-EC52-4461-AADF-9110407EA106}"
EndProject
Project("{2150E333-8FDC-42A3-9474-1A3956D46DE8}") = "non-project files", "non-project files", "{61B563C2-68E3-42C1-A008-0B4DABE02323}"
	ProjectSection(SolutionItems) = preProject
		.gitignore = .gitignore
		deploy-pipeline.yml = deploy-pipeline.yml
		README.md = README.md
		validate-pipeline.yml = validate-pipeline.yml
		web-build = web-build
		web-build.bat = web-build.bat
		web-watch.bat = web-watch.bat
		web-watch.sh = web-watch.sh
	EndProjectSection
EndProject
Project("{2150E333-8FDC-42A3-9474-1A3956D46DE8}") = "lib", "lib", "{57E44EE3-7A80-4F12-BDAA-D622C5D1B4A0}"
	ProjectSection(SolutionItems) = preProject
		lib\DfE.Data.ComponentLibrary.CleanArchitecture.dll = lib\DfE.Data.ComponentLibrary.CleanArchitecture.dll
		lib\DfE.Data.ComponentLibrary.Infrastructure.Persistence.CosmosDb.dll = lib\DfE.Data.ComponentLibrary.Infrastructure.Persistence.CosmosDb.dll
		lib\DfE.Data.DynamicPageTemplates.Web.dll = lib\DfE.Data.DynamicPageTemplates.Web.dll
	EndProjectSection
EndProject
Project("{2150E333-8FDC-42A3-9474-1A3956D46DE8}") = "pipelines", "pipelines", "{A1F385D5-7621-4FD3-9686-3DFECA900C1C}"
	ProjectSection(SolutionItems) = preProject
		pipelines\deployment-stage.yml = pipelines\deployment-stage.yml
	EndProjectSection
EndProject
Project("{2150E333-8FDC-42A3-9474-1A3956D46DE8}") = "variables", "variables", "{08649944-BB96-4D86-976F-197764779125}"
	ProjectSection(SolutionItems) = preProject
		pipelines\variables\common-var.yml = pipelines\variables\common-var.yml
		pipelines\variables\dev-var.yml = pipelines\variables\dev-var.yml
	EndProjectSection
EndProject
Project("{9A19103F-16F7-4668-BE54-9A1E7A4F7556}") = "ASP.Test.Web", "test\ASP.Test.Web\ASP.Test.Web.csproj", "{ECD76A3D-550D-4B94-8F9A-E2A7C6FF778C}"
EndProject
Project("{9A19103F-16F7-4668-BE54-9A1E7A4F7556}") = "ASP.Web.Components", "src\ASP.Web.Components\ASP.Web.Components.csproj", "{2A45E8A6-D75F-4A5D-8470-EE7DB1946CD3}"
EndProject
Project("{9A19103F-16F7-4668-BE54-9A1E7A4F7556}") = "ASP.Web.Core", "src\ASP.Web.Core\ASP.Web.Core.csproj", "{83367C58-6C5B-4A30-8A09-E68454244225}"
EndProject
Project("{9A19103F-16F7-4668-BE54-9A1E7A4F7556}") = "ASP.Web.Core.UnitTests", "test\ASP.Web.Core.UnitTests\ASP.Web.Core.UnitTests.csproj", "{1D288915-50F2-444E-AE96-5BCBFC35D5CF}"
EndProject
Project("{FAE04EC0-301F-11D3-BF4B-00C04F79EFBC}") = "ASP.Core.UnitTests", "test\ASP.Core.UnitTests\ASP.Core.UnitTests.csproj", "{A6FD4398-3115-4F68-A2F4-9B8F7C75253E}"
EndProject
Global
	GlobalSection(SolutionConfigurationPlatforms) = preSolution
		Debug|Any CPU = Debug|Any CPU
		Release|Any CPU = Release|Any CPU
	EndGlobalSection
	GlobalSection(ProjectConfigurationPlatforms) = postSolution
		{C6E6A18D-85B5-4911-A8A5-4BD98FA9D202}.Debug|Any CPU.ActiveCfg = Debug|Any CPU
		{C6E6A18D-85B5-4911-A8A5-4BD98FA9D202}.Debug|Any CPU.Build.0 = Debug|Any CPU
		{C6E6A18D-85B5-4911-A8A5-4BD98FA9D202}.Release|Any CPU.ActiveCfg = Release|Any CPU
		{C6E6A18D-85B5-4911-A8A5-4BD98FA9D202}.Release|Any CPU.Build.0 = Release|Any CPU
		{D1709BDE-D411-484C-9A03-631CCD575425}.Debug|Any CPU.ActiveCfg = Debug|Any CPU
		{D1709BDE-D411-484C-9A03-631CCD575425}.Debug|Any CPU.Build.0 = Debug|Any CPU
		{D1709BDE-D411-484C-9A03-631CCD575425}.Release|Any CPU.ActiveCfg = Release|Any CPU
		{D1709BDE-D411-484C-9A03-631CCD575425}.Release|Any CPU.Build.0 = Release|Any CPU
		{671978FC-2579-484F-B2D0-9A18C5C51FD0}.Debug|Any CPU.ActiveCfg = Debug|Any CPU
		{671978FC-2579-484F-B2D0-9A18C5C51FD0}.Debug|Any CPU.Build.0 = Debug|Any CPU
		{671978FC-2579-484F-B2D0-9A18C5C51FD0}.Release|Any CPU.ActiveCfg = Release|Any CPU
		{671978FC-2579-484F-B2D0-9A18C5C51FD0}.Release|Any CPU.Build.0 = Release|Any CPU
		{E88375FB-49C7-4E98-833C-C1A28AB4AB44}.Debug|Any CPU.ActiveCfg = Debug|Any CPU
		{E88375FB-49C7-4E98-833C-C1A28AB4AB44}.Debug|Any CPU.Build.0 = Debug|Any CPU
		{E88375FB-49C7-4E98-833C-C1A28AB4AB44}.Release|Any CPU.ActiveCfg = Release|Any CPU
		{E88375FB-49C7-4E98-833C-C1A28AB4AB44}.Release|Any CPU.Build.0 = Release|Any CPU
		{0FA88EE6-4197-45A2-98EE-0F4EF77948F8}.Debug|Any CPU.ActiveCfg = Debug|Any CPU
		{0FA88EE6-4197-45A2-98EE-0F4EF77948F8}.Debug|Any CPU.Build.0 = Debug|Any CPU
		{0FA88EE6-4197-45A2-98EE-0F4EF77948F8}.Release|Any CPU.ActiveCfg = Release|Any CPU
		{0FA88EE6-4197-45A2-98EE-0F4EF77948F8}.Release|Any CPU.Build.0 = Release|Any CPU
		{1222DE8D-8A75-45A4-90B0-AA85D4497ECE}.Debug|Any CPU.ActiveCfg = Debug|Any CPU
		{1222DE8D-8A75-45A4-90B0-AA85D4497ECE}.Debug|Any CPU.Build.0 = Debug|Any CPU
		{1222DE8D-8A75-45A4-90B0-AA85D4497ECE}.Release|Any CPU.ActiveCfg = Release|Any CPU
		{1222DE8D-8A75-45A4-90B0-AA85D4497ECE}.Release|Any CPU.Build.0 = Release|Any CPU
		{E74DFA5F-5FED-49A2-9337-CD97163CA4FE}.Debug|Any CPU.ActiveCfg = Debug|Any CPU
		{E74DFA5F-5FED-49A2-9337-CD97163CA4FE}.Debug|Any CPU.Build.0 = Debug|Any CPU
		{E74DFA5F-5FED-49A2-9337-CD97163CA4FE}.Release|Any CPU.ActiveCfg = Release|Any CPU
		{E74DFA5F-5FED-49A2-9337-CD97163CA4FE}.Release|Any CPU.Build.0 = Release|Any CPU
		{9C913310-B8AA-41CA-8C3A-D0B9EAC16F38}.Debug|Any CPU.ActiveCfg = Debug|Any CPU
		{9C913310-B8AA-41CA-8C3A-D0B9EAC16F38}.Debug|Any CPU.Build.0 = Debug|Any CPU
		{9C913310-B8AA-41CA-8C3A-D0B9EAC16F38}.Release|Any CPU.ActiveCfg = Release|Any CPU
		{9C913310-B8AA-41CA-8C3A-D0B9EAC16F38}.Release|Any CPU.Build.0 = Release|Any CPU
		{8CB3E6F6-8861-45AE-ACEE-1D09B65742F5}.Debug|Any CPU.ActiveCfg = Debug|Any CPU
		{8CB3E6F6-8861-45AE-ACEE-1D09B65742F5}.Debug|Any CPU.Build.0 = Debug|Any CPU
		{8CB3E6F6-8861-45AE-ACEE-1D09B65742F5}.Release|Any CPU.ActiveCfg = Release|Any CPU
		{8CB3E6F6-8861-45AE-ACEE-1D09B65742F5}.Release|Any CPU.Build.0 = Release|Any CPU
		{220F3AF8-EC52-4461-AADF-9110407EA106}.Debug|Any CPU.ActiveCfg = Debug|Any CPU
		{220F3AF8-EC52-4461-AADF-9110407EA106}.Debug|Any CPU.Build.0 = Debug|Any CPU
		{220F3AF8-EC52-4461-AADF-9110407EA106}.Release|Any CPU.ActiveCfg = Release|Any CPU
		{220F3AF8-EC52-4461-AADF-9110407EA106}.Release|Any CPU.Build.0 = Release|Any CPU
		{ECD76A3D-550D-4B94-8F9A-E2A7C6FF778C}.Debug|Any CPU.ActiveCfg = Debug|Any CPU
		{ECD76A3D-550D-4B94-8F9A-E2A7C6FF778C}.Debug|Any CPU.Build.0 = Debug|Any CPU
		{ECD76A3D-550D-4B94-8F9A-E2A7C6FF778C}.Release|Any CPU.ActiveCfg = Release|Any CPU
		{ECD76A3D-550D-4B94-8F9A-E2A7C6FF778C}.Release|Any CPU.Build.0 = Release|Any CPU
		{2A45E8A6-D75F-4A5D-8470-EE7DB1946CD3}.Debug|Any CPU.ActiveCfg = Debug|Any CPU
		{2A45E8A6-D75F-4A5D-8470-EE7DB1946CD3}.Debug|Any CPU.Build.0 = Debug|Any CPU
		{2A45E8A6-D75F-4A5D-8470-EE7DB1946CD3}.Release|Any CPU.ActiveCfg = Release|Any CPU
		{2A45E8A6-D75F-4A5D-8470-EE7DB1946CD3}.Release|Any CPU.Build.0 = Release|Any CPU
		{83367C58-6C5B-4A30-8A09-E68454244225}.Debug|Any CPU.ActiveCfg = Debug|Any CPU
		{83367C58-6C5B-4A30-8A09-E68454244225}.Debug|Any CPU.Build.0 = Debug|Any CPU
		{83367C58-6C5B-4A30-8A09-E68454244225}.Release|Any CPU.ActiveCfg = Release|Any CPU
		{83367C58-6C5B-4A30-8A09-E68454244225}.Release|Any CPU.Build.0 = Release|Any CPU
		{1D288915-50F2-444E-AE96-5BCBFC35D5CF}.Debug|Any CPU.ActiveCfg = Debug|Any CPU
		{1D288915-50F2-444E-AE96-5BCBFC35D5CF}.Debug|Any CPU.Build.0 = Debug|Any CPU
		{1D288915-50F2-444E-AE96-5BCBFC35D5CF}.Release|Any CPU.ActiveCfg = Release|Any CPU
		{1D288915-50F2-444E-AE96-5BCBFC35D5CF}.Release|Any CPU.Build.0 = Release|Any CPU
		{A6FD4398-3115-4F68-A2F4-9B8F7C75253E}.Debug|Any CPU.ActiveCfg = Debug|Any CPU
		{A6FD4398-3115-4F68-A2F4-9B8F7C75253E}.Debug|Any CPU.Build.0 = Debug|Any CPU
		{A6FD4398-3115-4F68-A2F4-9B8F7C75253E}.Release|Any CPU.ActiveCfg = Release|Any CPU
		{A6FD4398-3115-4F68-A2F4-9B8F7C75253E}.Release|Any CPU.Build.0 = Release|Any CPU
	EndGlobalSection
	GlobalSection(SolutionProperties) = preSolution
		HideSolutionNode = FALSE
	EndGlobalSection
	GlobalSection(NestedProjects) = preSolution
		{C6E6A18D-85B5-4911-A8A5-4BD98FA9D202} = {5D420B01-4CD0-4812-9F34-FC80F521DF5B}
		{D1709BDE-D411-484C-9A03-631CCD575425} = {5D420B01-4CD0-4812-9F34-FC80F521DF5B}
		{671978FC-2579-484F-B2D0-9A18C5C51FD0} = {5D420B01-4CD0-4812-9F34-FC80F521DF5B}
		{E88375FB-49C7-4E98-833C-C1A28AB4AB44} = {5D420B01-4CD0-4812-9F34-FC80F521DF5B}
		{0FA88EE6-4197-45A2-98EE-0F4EF77948F8} = {446A54E3-2424-4278-8AF5-F0DD985D6C52}
		{1222DE8D-8A75-45A4-90B0-AA85D4497ECE} = {5D420B01-4CD0-4812-9F34-FC80F521DF5B}
		{E74DFA5F-5FED-49A2-9337-CD97163CA4FE} = {446A54E3-2424-4278-8AF5-F0DD985D6C52}
		{9C913310-B8AA-41CA-8C3A-D0B9EAC16F38} = {446A54E3-2424-4278-8AF5-F0DD985D6C52}
		{8CB3E6F6-8861-45AE-ACEE-1D09B65742F5} = {446A54E3-2424-4278-8AF5-F0DD985D6C52}
		{220F3AF8-EC52-4461-AADF-9110407EA106} = {446A54E3-2424-4278-8AF5-F0DD985D6C52}
		{57E44EE3-7A80-4F12-BDAA-D622C5D1B4A0} = {61B563C2-68E3-42C1-A008-0B4DABE02323}
		{A1F385D5-7621-4FD3-9686-3DFECA900C1C} = {61B563C2-68E3-42C1-A008-0B4DABE02323}
		{08649944-BB96-4D86-976F-197764779125} = {A1F385D5-7621-4FD3-9686-3DFECA900C1C}
		{ECD76A3D-550D-4B94-8F9A-E2A7C6FF778C} = {446A54E3-2424-4278-8AF5-F0DD985D6C52}
		{2A45E8A6-D75F-4A5D-8470-EE7DB1946CD3} = {5D420B01-4CD0-4812-9F34-FC80F521DF5B}
		{83367C58-6C5B-4A30-8A09-E68454244225} = {5D420B01-4CD0-4812-9F34-FC80F521DF5B}
		{1D288915-50F2-444E-AE96-5BCBFC35D5CF} = {446A54E3-2424-4278-8AF5-F0DD985D6C52}
		{A6FD4398-3115-4F68-A2F4-9B8F7C75253E} = {446A54E3-2424-4278-8AF5-F0DD985D6C52}
	EndGlobalSection
	GlobalSection(ExtensibilityGlobals) = postSolution
		SolutionGuid = {4950C0DD-CDAE-42E7-8BCB-678C73C51298}
	EndGlobalSection
EndGlobal
