
Microsoft Visual Studio Solution File, Format Version 12.00
# Visual Studio Version 17
VisualStudioVersion = 17.8.34511.84
MinimumVisualStudioVersion = 10.0.40219.1
Project("{9A19103F-16F7-4668-BE54-9A1E7A4F7556}") = "ASP.Web", "src\ASP.Web\ASP.Web.csproj", "{C6E6A18D-85B5-4911-A8A5-4BD98FA9D202}"
EndProject
Project("{2150E333-8FDC-42A3-9474-1A3956D46DE8}") = "src", "src", "{5D420B01-4CD0-4812-9F34-FC80F521DF5B}"
EndProject
Project("{2150E333-8FDC-42A3-9474-1A3956D46DE8}") = "test", "test", "{446A54E3-2424-4278-8AF5-F0DD985D6C52}"
EndProject
Project("{9A19103F-16F7-4668-BE54-9A1E7A4F7556}") = "ASP.Application", "src\ASP.Application\ASP.Application.csproj", "{D1709BDE-D411-484C-9A03-631CCD575425}"
EndProject
Project("{9A19103F-16F7-4668-BE54-9A1E7A4F7556}") = "ASP.Api", "src\ASP.Api\ASP.Api.csproj", "{671978FC-2579-484F-B2D0-9A18C5C51FD0}"
EndProject
Project("{9A19103F-16F7-4668-BE54-9A1E7A4F7556}") = "ASP.Core", "src\ASP.Core\ASP.Core.csproj", "{E88375FB-49C7-4E98-833C-C1A28AB4AB44}"
EndProject
Project("{9A19103F-16F7-4668-BE54-9A1E7A4F7556}") = "ASP.AcceptanceTests", "test\ASP.AcceptanceTests\ASP.AcceptanceTests.csproj", "{0FA88EE6-4197-45A2-98EE-0F4EF77948F8}"
EndProject
Project("{9A19103F-16F7-4668-BE54-9A1E7A4F7556}") = "ASP.Infrastructure", "src\ASP.Infrastructure\ASP.Infrastructure.csproj", "{1222DE8D-8A75-45A4-90B0-AA85D4497ECE}"
EndProject
Project("{9A19103F-16F7-4668-BE54-9A1E7A4F7556}") = "ASP.UnitTests", "test\ASP.UnitTests\ASP.UnitTests.csproj", "{E74DFA5F-5FED-49A2-9337-CD97163CA4FE}"
EndProject
Project("{9A19103F-16F7-4668-BE54-9A1E7A4F7556}") = "ASP.Test.Core", "test\ASP.Test.Core\ASP.Test.Core.csproj", "{9C913310-B8AA-41CA-8C3A-D0B9EAC16F38}"
EndProject
Global
	GlobalSection(SolutionConfigurationPlatforms) = preSolution
		Debug|Any CPU = Debug|Any CPU
		Release|Any CPU = Release|Any CPU
	EndGlobalSection
	GlobalSection(ProjectConfigurationPlatforms) = postSolution
		{C6E6A18D-85B5-4911-A8A5-4BD98FA9D202}.Debug|Any CPU.ActiveCfg = Debug|Any CPU
		{C6E6A18D-85B5-4911-A8A5-4BD98FA9D202}.Debug|Any CPU.Build.0 = Debug|Any CPU
		{C6E6A18D-85B5-4911-A8A5-4BD98FA9D202}.Release|Any CPU.ActiveCfg = Release|Any CPU
		{C6E6A18D-85B5-4911-A8A5-4BD98FA9D202}.Release|Any CPU.Build.0 = Release|Any CPU
		{D1709BDE-D411-484C-9A03-631CCD575425}.Debug|Any CPU.ActiveCfg = Debug|Any CPU
		{D1709BDE-D411-484C-9A03-631CCD575425}.Debug|Any CPU.Build.0 = Debug|Any CPU
		{D1709BDE-D411-484C-9A03-631CCD575425}.Release|Any CPU.ActiveCfg = Release|Any CPU
		{D1709BDE-D411-484C-9A03-631CCD575425}.Release|Any CPU.Build.0 = Release|Any CPU
		{671978FC-2579-484F-B2D0-9A18C5C51FD0}.Debug|Any CPU.ActiveCfg = Debug|Any CPU
		{671978FC-2579-484F-B2D0-9A18C5C51FD0}.Debug|Any CPU.Build.0 = Debug|Any CPU
		{671978FC-2579-484F-B2D0-9A18C5C51FD0}.Release|Any CPU.ActiveCfg = Release|Any CPU
		{671978FC-2579-484F-B2D0-9A18C5C51FD0}.Release|Any CPU.Build.0 = Release|Any CPU
		{E88375FB-49C7-4E98-833C-C1A28AB4AB44}.Debug|Any CPU.ActiveCfg = Debug|Any CPU
		{E88375FB-49C7-4E98-833C-C1A28AB4AB44}.Debug|Any CPU.Build.0 = Debug|Any CPU
		{E88375FB-49C7-4E98-833C-C1A28AB4AB44}.Release|Any CPU.ActiveCfg = Release|Any CPU
		{E88375FB-49C7-4E98-833C-C1A28AB4AB44}.Release|Any CPU.Build.0 = Release|Any CPU
		{0FA88EE6-4197-45A2-98EE-0F4EF77948F8}.Debug|Any CPU.ActiveCfg = Debug|Any CPU
		{0FA88EE6-4197-45A2-98EE-0F4EF77948F8}.Debug|Any CPU.Build.0 = Debug|Any CPU
		{0FA88EE6-4197-45A2-98EE-0F4EF77948F8}.Release|Any CPU.ActiveCfg = Release|Any CPU
		{0FA88EE6-4197-45A2-98EE-0F4EF77948F8}.Release|Any CPU.Build.0 = Release|Any CPU
		{1222DE8D-8A75-45A4-90B0-AA85D4497ECE}.Debug|Any CPU.ActiveCfg = Debug|Any CPU
		{1222DE8D-8A75-45A4-90B0-AA85D4497ECE}.Debug|Any CPU.Build.0 = Debug|Any CPU
		{1222DE8D-8A75-45A4-90B0-AA85D4497ECE}.Release|Any CPU.ActiveCfg = Release|Any CPU
		{1222DE8D-8A75-45A4-90B0-AA85D4497ECE}.Release|Any CPU.Build.0 = Release|Any CPU
		{E74DFA5F-5FED-49A2-9337-CD97163CA4FE}.Debug|Any CPU.ActiveCfg = Debug|Any CPU
		{E74DFA5F-5FED-49A2-9337-CD97163CA4FE}.Debug|Any CPU.Build.0 = Debug|Any CPU
		{E74DFA5F-5FED-49A2-9337-CD97163CA4FE}.Release|Any CPU.ActiveCfg = Release|Any CPU
		{E74DFA5F-5FED-49A2-9337-CD97163CA4FE}.Release|Any CPU.Build.0 = Release|Any CPU
		{9C913310-B8AA-41CA-8C3A-D0B9EAC16F38}.Debug|Any CPU.ActiveCfg = Debug|Any CPU
		{9C913310-B8AA-41CA-8C3A-D0B9EAC16F38}.Debug|Any CPU.Build.0 = Debug|Any CPU
		{9C913310-B8AA-41CA-8C3A-D0B9EAC16F38}.Release|Any CPU.ActiveCfg = Release|Any CPU
		{9C913310-B8AA-41CA-8C3A-D0B9EAC16F38}.Release|Any CPU.Build.0 = Release|Any CPU
	EndGlobalSection
	GlobalSection(SolutionProperties) = preSolution
		HideSolutionNode = FALSE
	EndGlobalSection
	GlobalSection(NestedProjects) = preSolution
		{C6E6A18D-85B5-4911-A8A5-4BD98FA9D202} = {5D420B01-4CD0-4812-9F34-FC80F521DF5B}
		{D1709BDE-D411-484C-9A03-631CCD575425} = {5D420B01-4CD0-4812-9F34-FC80F521DF5B}
		{671978FC-2579-484F-B2D0-9A18C5C51FD0} = {5D420B01-4CD0-4812-9F34-FC80F521DF5B}
		{E88375FB-49C7-4E98-833C-C1A28AB4AB44} = {5D420B01-4CD0-4812-9F34-FC80F521DF5B}
		{0FA88EE6-4197-45A2-98EE-0F4EF77948F8} = {446A54E3-2424-4278-8AF5-F0DD985D6C52}
		{1222DE8D-8A75-45A4-90B0-AA85D4497ECE} = {5D420B01-4CD0-4812-9F34-FC80F521DF5B}
		{E74DFA5F-5FED-49A2-9337-CD97163CA4FE} = {446A54E3-2424-4278-8AF5-F0DD985D6C52}
		{9C913310-B8AA-41CA-8C3A-D0B9EAC16F38} = {446A54E3-2424-4278-8AF5-F0DD985D6C52}
	EndGlobalSection
	GlobalSection(ExtensibilityGlobals) = postSolution
		SolutionGuid = {4950C0DD-CDAE-42E7-8BCB-678C73C51298}
	EndGlobalSection
EndGlobal
